
Microsoft Visual Studio Solution File, Format Version 12.00
# Visual Studio Version 17
VisualStudioVersion = 17.7.34024.191
MinimumVisualStudioVersion = 10.0.40219.1
Project("{FAE04EC0-301F-11D3-BF4B-00C04F79EFBC}") = "Lab05_LSP_Revised", "Lab05_LSP_Revised\Lab05_LSP_Revised.csproj", "{CADCABD8-FB7E-4FD4-AA47-96F5460E8317}"
EndProject
Global
	GlobalSection(SolutionConfigurationPlatforms) = preSolution
		Debug|Any CPU = Debug|Any CPU
		Release|Any CPU = Release|Any CPU
	EndGlobalSection
	GlobalSection(ProjectConfigurationPlatforms) = postSolution
		{CADCABD8-FB7E-4FD4-AA47-96F5460E8317}.Debug|Any CPU.ActiveCfg = Debug|Any CPU
		{CADCABD8-FB7E-4FD4-AA47-96F5460E8317}.Debug|Any CPU.Build.0 = Debug|Any CPU
		{CADCABD8-FB7E-4FD4-AA47-96F5460E8317}.Release|Any CPU.ActiveCfg = Release|Any CPU
		{CADCABD8-FB7E-4FD4-AA47-96F5460E8317}.Release|Any CPU.Build.0 = Release|Any CPU
	EndGlobalSection
	GlobalSection(SolutionProperties) = preSolution
		HideSolutionNode = FALSE
	EndGlobalSection
	GlobalSection(ExtensibilityGlobals) = postSolution
		SolutionGuid = {E9E6D85C-26BC-437E-A527-1EF6A14C82A0}
	EndGlobalSection
EndGlobal
