
Microsoft Visual Studio Solution File, Format Version 12.00
# Visual Studio Version 17
VisualStudioVersion = 17.7.34202.233
MinimumVisualStudioVersion = 10.0.40219.1
Project("{FAE04EC0-301F-11D3-BF4B-00C04F79EFBC}") = "Lab_09_T03CSHRP", "Lab_09_T03CSHRP\Lab_09_T03CSHRP.csproj", "{E512FBF8-8D38-4EDB-B295-D4939DA6A296}"
EndProject
Global
	GlobalSection(SolutionConfigurationPlatforms) = preSolution
		Debug|Any CPU = Debug|Any CPU
		Release|Any CPU = Release|Any CPU
	EndGlobalSection
	GlobalSection(ProjectConfigurationPlatforms) = postSolution
		{E512FBF8-8D38-4EDB-B295-D4939DA6A296}.Debug|Any CPU.ActiveCfg = Debug|Any CPU
		{E512FBF8-8D38-4EDB-B295-D4939DA6A296}.Debug|Any CPU.Build.0 = Debug|Any CPU
		{E512FBF8-8D38-4EDB-B295-D4939DA6A296}.Release|Any CPU.ActiveCfg = Release|Any CPU
		{E512FBF8-8D38-4EDB-B295-D4939DA6A296}.Release|Any CPU.Build.0 = Release|Any CPU
	EndGlobalSection
	GlobalSection(SolutionProperties) = preSolution
		HideSolutionNode = FALSE
	EndGlobalSection
	GlobalSection(ExtensibilityGlobals) = postSolution
		SolutionGuid = {85C44922-F376-4132-8AFE-E9C1768AFB58}
	EndGlobalSection
EndGlobal
