
Microsoft Visual Studio Solution File, Format Version 12.00
# Visual Studio Version 17
VisualStudioVersion = 17.7.34202.233
MinimumVisualStudioVersion = 10.0.40219.1
Project("{FAE04EC0-301F-11D3-BF4B-00C04F79EFBC}") = "Lab_09_T1Shrp", "Lab_09_T1Shrp\Lab_09_T1Shrp.csproj", "{61DA475C-8292-482A-8A7A-1EA7044E12AB}"
EndProject
Global
	GlobalSection(SolutionConfigurationPlatforms) = preSolution
		Debug|Any CPU = Debug|Any CPU
		Release|Any CPU = Release|Any CPU
	EndGlobalSection
	GlobalSection(ProjectConfigurationPlatforms) = postSolution
		{61DA475C-8292-482A-8A7A-1EA7044E12AB}.Debug|Any CPU.ActiveCfg = Debug|Any CPU
		{61DA475C-8292-482A-8A7A-1EA7044E12AB}.Debug|Any CPU.Build.0 = Debug|Any CPU
		{61DA475C-8292-482A-8A7A-1EA7044E12AB}.Release|Any CPU.ActiveCfg = Release|Any CPU
		{61DA475C-8292-482A-8A7A-1EA7044E12AB}.Release|Any CPU.Build.0 = Release|Any CPU
	EndGlobalSection
	GlobalSection(SolutionProperties) = preSolution
		HideSolutionNode = FALSE
	EndGlobalSection
	GlobalSection(ExtensibilityGlobals) = postSolution
		SolutionGuid = {8E7CBDCF-1085-4AB9-973E-232BCF37A711}
	EndGlobalSection
EndGlobal
