
Microsoft Visual Studio Solution File, Format Version 12.00
# Visual Studio Version 17
VisualStudioVersion = 17.7.34024.191
MinimumVisualStudioVersion = 10.0.40219.1
Project("{FAE04EC0-301F-11D3-BF4B-00C04F79EFBC}") = "Lab-05(Lab4_SectionB_Refactor)", "Lab-05(Lab4_SectionB_Refactor)\Lab-05(Lab4_SectionB_Refactor).csproj", "{E60DFB1A-00AB-4767-BE28-D0858C71644D}"
EndProject
Global
	GlobalSection(SolutionConfigurationPlatforms) = preSolution
		Debug|Any CPU = Debug|Any CPU
		Release|Any CPU = Release|Any CPU
	EndGlobalSection
	GlobalSection(ProjectConfigurationPlatforms) = postSolution
		{E60DFB1A-00AB-4767-BE28-D0858C71644D}.Debug|Any CPU.ActiveCfg = Debug|Any CPU
		{E60DFB1A-00AB-4767-BE28-D0858C71644D}.Debug|Any CPU.Build.0 = Debug|Any CPU
		{E60DFB1A-00AB-4767-BE28-D0858C71644D}.Release|Any CPU.ActiveCfg = Release|Any CPU
		{E60DFB1A-00AB-4767-BE28-D0858C71644D}.Release|Any CPU.Build.0 = Release|Any CPU
	EndGlobalSection
	GlobalSection(SolutionProperties) = preSolution
		HideSolutionNode = FALSE
	EndGlobalSection
	GlobalSection(ExtensibilityGlobals) = postSolution
		SolutionGuid = {87E6EB77-8C9A-40ED-968D-8190E40E674A}
	EndGlobalSection
EndGlobal
